
Microsoft Visual Studio Solution File, Format Version 12.00
# Visual Studio Version 17
VisualStudioVersion = 17.7.34302.85
MinimumVisualStudioVersion = 10.0.40219.1
Project("{FAE04EC0-301F-11D3-BF4B-00C04F79EFBC}") = "5.38 Factorials", "5.38 Factorials\5.38 Factorials.csproj", "{A2F164D2-66B8-49A0-A2C4-6F3281923A14}"
EndProject
Global
	GlobalSection(SolutionConfigurationPlatforms) = preSolution
		Debug|Any CPU = Debug|Any CPU
		Release|Any CPU = Release|Any CPU
	EndGlobalSection
	GlobalSection(ProjectConfigurationPlatforms) = postSolution
		{A2F164D2-66B8-49A0-A2C4-6F3281923A14}.Debug|Any CPU.ActiveCfg = Debug|Any CPU
		{A2F164D2-66B8-49A0-A2C4-6F3281923A14}.Debug|Any CPU.Build.0 = Debug|Any CPU
		{A2F164D2-66B8-49A0-A2C4-6F3281923A14}.Release|Any CPU.ActiveCfg = Release|Any CPU
		{A2F164D2-66B8-49A0-A2C4-6F3281923A14}.Release|Any CPU.Build.0 = Release|Any CPU
	EndGlobalSection
	GlobalSection(SolutionProperties) = preSolution
		HideSolutionNode = FALSE
	EndGlobalSection
	GlobalSection(ExtensibilityGlobals) = postSolution
		SolutionGuid = {C3BEDC64-2C75-4CCB-9A48-5502B2689696}
	EndGlobalSection
EndGlobal
