
Microsoft Visual Studio Solution File, Format Version 12.00
# Visual Studio Version 17
VisualStudioVersion = 17.7.34202.233
MinimumVisualStudioVersion = 10.0.40219.1
Project("{FAE04EC0-301F-11D3-BF4B-00C04F79EFBC}") = "5.XX ClassAverage", "5.XX ClassAverage\5.XX ClassAverage.csproj", "{DE2FB5ED-330C-41A7-BF57-64E02240009F}"
EndProject
Global
	GlobalSection(SolutionConfigurationPlatforms) = preSolution
		Debug|Any CPU = Debug|Any CPU
		Release|Any CPU = Release|Any CPU
	EndGlobalSection
	GlobalSection(ProjectConfigurationPlatforms) = postSolution
		{DE2FB5ED-330C-41A7-BF57-64E02240009F}.Debug|Any CPU.ActiveCfg = Debug|Any CPU
		{DE2FB5ED-330C-41A7-BF57-64E02240009F}.Debug|Any CPU.Build.0 = Debug|Any CPU
		{DE2FB5ED-330C-41A7-BF57-64E02240009F}.Release|Any CPU.ActiveCfg = Release|Any CPU
		{DE2FB5ED-330C-41A7-BF57-64E02240009F}.Release|Any CPU.Build.0 = Release|Any CPU
	EndGlobalSection
	GlobalSection(SolutionProperties) = preSolution
		HideSolutionNode = FALSE
	EndGlobalSection
	GlobalSection(ExtensibilityGlobals) = postSolution
		SolutionGuid = {84473F26-90E4-4291-8633-8F914C85520E}
	EndGlobalSection
EndGlobal
