
Microsoft Visual Studio Solution File, Format Version 12.00
# Visual Studio Version 17
VisualStudioVersion = 17.7.34202.233
MinimumVisualStudioVersion = 10.0.40219.1
Project("{FAE04EC0-301F-11D3-BF4B-00C04F79EFBC}") = "Calculator", "Calculator\Calculator.csproj", "{F6F8DAE9-35E9-4C89-B1E4-69154DD15570}"
EndProject
Global
	GlobalSection(SolutionConfigurationPlatforms) = preSolution
		Debug|Any CPU = Debug|Any CPU
		Release|Any CPU = Release|Any CPU
	EndGlobalSection
	GlobalSection(ProjectConfigurationPlatforms) = postSolution
		{F6F8DAE9-35E9-4C89-B1E4-69154DD15570}.Debug|Any CPU.ActiveCfg = Debug|Any CPU
		{F6F8DAE9-35E9-4C89-B1E4-69154DD15570}.Debug|Any CPU.Build.0 = Debug|Any CPU
		{F6F8DAE9-35E9-4C89-B1E4-69154DD15570}.Release|Any CPU.ActiveCfg = Release|Any CPU
		{F6F8DAE9-35E9-4C89-B1E4-69154DD15570}.Release|Any CPU.Build.0 = Release|Any CPU
	EndGlobalSection
	GlobalSection(SolutionProperties) = preSolution
		HideSolutionNode = FALSE
	EndGlobalSection
	GlobalSection(ExtensibilityGlobals) = postSolution
		SolutionGuid = {7A04FE18-610E-42D7-9F0B-A1FFAAB4C2FB}
	EndGlobalSection
EndGlobal
