
Microsoft Visual Studio Solution File, Format Version 12.00
# Visual Studio Version 17
VisualStudioVersion = 17.8.34330.188
MinimumVisualStudioVersion = 10.0.40219.1
Project("{FAE04EC0-301F-11D3-BF4B-00C04F79EFBC}") = "6.2 ForCounter", "6.2 ForCounter\6.2 ForCounter.csproj", "{44454CA9-24A1-4AB9-8370-A1CB3C537876}"
EndProject
Global
	GlobalSection(SolutionConfigurationPlatforms) = preSolution
		Debug|Any CPU = Debug|Any CPU
		Release|Any CPU = Release|Any CPU
	EndGlobalSection
	GlobalSection(ProjectConfigurationPlatforms) = postSolution
		{44454CA9-24A1-4AB9-8370-A1CB3C537876}.Debug|Any CPU.ActiveCfg = Debug|Any CPU
		{44454CA9-24A1-4AB9-8370-A1CB3C537876}.Debug|Any CPU.Build.0 = Debug|Any CPU
		{44454CA9-24A1-4AB9-8370-A1CB3C537876}.Release|Any CPU.ActiveCfg = Release|Any CPU
		{44454CA9-24A1-4AB9-8370-A1CB3C537876}.Release|Any CPU.Build.0 = Release|Any CPU
	EndGlobalSection
	GlobalSection(SolutionProperties) = preSolution
		HideSolutionNode = FALSE
	EndGlobalSection
	GlobalSection(ExtensibilityGlobals) = postSolution
		SolutionGuid = {C338B40A-83ED-4C07-A24D-54D3B8710866}
	EndGlobalSection
EndGlobal
