
Microsoft Visual Studio Solution File, Format Version 12.00
# Visual Studio Version 17
VisualStudioVersion = 17.7.34302.85
MinimumVisualStudioVersion = 10.0.40219.1
Project("{FAE04EC0-301F-11D3-BF4B-00C04F79EFBC}") = "5.23 Find the Two Largest Numbers", "5.23 Find the Two Largest Numbers\5.23 Find the Two Largest Numbers.csproj", "{875CE578-75DF-496B-9B7B-3DE097585CD8}"
EndProject
Global
	GlobalSection(SolutionConfigurationPlatforms) = preSolution
		Debug|Any CPU = Debug|Any CPU
		Release|Any CPU = Release|Any CPU
	EndGlobalSection
	GlobalSection(ProjectConfigurationPlatforms) = postSolution
		{875CE578-75DF-496B-9B7B-3DE097585CD8}.Debug|Any CPU.ActiveCfg = Debug|Any CPU
		{875CE578-75DF-496B-9B7B-3DE097585CD8}.Debug|Any CPU.Build.0 = Debug|Any CPU
		{875CE578-75DF-496B-9B7B-3DE097585CD8}.Release|Any CPU.ActiveCfg = Release|Any CPU
		{875CE578-75DF-496B-9B7B-3DE097585CD8}.Release|Any CPU.Build.0 = Release|Any CPU
	EndGlobalSection
	GlobalSection(SolutionProperties) = preSolution
		HideSolutionNode = FALSE
	EndGlobalSection
	GlobalSection(ExtensibilityGlobals) = postSolution
		SolutionGuid = {BACDE54B-4E23-4344-AD33-332406B6C80F}
	EndGlobalSection
EndGlobal
