
Microsoft Visual Studio Solution File, Format Version 12.00
# Visual Studio Version 17
VisualStudioVersion = 17.7.34302.85
MinimumVisualStudioVersion = 10.0.40219.1
Project("{FAE04EC0-301F-11D3-BF4B-00C04F79EFBC}") = "5.18 Inventory Level Calculator", "5.18 Inventory Level Calculator\5.18 Inventory Level Calculator.csproj", "{EAB04396-B0F6-47D3-BB92-D98600CD1F90}"
EndProject
Global
	GlobalSection(SolutionConfigurationPlatforms) = preSolution
		Debug|Any CPU = Debug|Any CPU
		Release|Any CPU = Release|Any CPU
	EndGlobalSection
	GlobalSection(ProjectConfigurationPlatforms) = postSolution
		{EAB04396-B0F6-47D3-BB92-D98600CD1F90}.Debug|Any CPU.ActiveCfg = Debug|Any CPU
		{EAB04396-B0F6-47D3-BB92-D98600CD1F90}.Debug|Any CPU.Build.0 = Debug|Any CPU
		{EAB04396-B0F6-47D3-BB92-D98600CD1F90}.Release|Any CPU.ActiveCfg = Release|Any CPU
		{EAB04396-B0F6-47D3-BB92-D98600CD1F90}.Release|Any CPU.Build.0 = Release|Any CPU
	EndGlobalSection
	GlobalSection(SolutionProperties) = preSolution
		HideSolutionNode = FALSE
	EndGlobalSection
	GlobalSection(ExtensibilityGlobals) = postSolution
		SolutionGuid = {15EA3404-C655-4DBF-9F9E-753A59551B3F}
	EndGlobalSection
EndGlobal
