
Microsoft Visual Studio Solution File, Format Version 12.00
# Visual Studio Version 17
VisualStudioVersion = 17.7.34202.233
MinimumVisualStudioVersion = 10.0.40219.1
Project("{FAE04EC0-301F-11D3-BF4B-00C04F79EFBC}") = "5.XX Student", "5.XX Student\5.XX Student.csproj", "{0495AD9E-379A-4A9C-824F-8D3F70435768}"
EndProject
Global
	GlobalSection(SolutionConfigurationPlatforms) = preSolution
		Debug|Any CPU = Debug|Any CPU
		Release|Any CPU = Release|Any CPU
	EndGlobalSection
	GlobalSection(ProjectConfigurationPlatforms) = postSolution
		{0495AD9E-379A-4A9C-824F-8D3F70435768}.Debug|Any CPU.ActiveCfg = Debug|Any CPU
		{0495AD9E-379A-4A9C-824F-8D3F70435768}.Debug|Any CPU.Build.0 = Debug|Any CPU
		{0495AD9E-379A-4A9C-824F-8D3F70435768}.Release|Any CPU.ActiveCfg = Release|Any CPU
		{0495AD9E-379A-4A9C-824F-8D3F70435768}.Release|Any CPU.Build.0 = Release|Any CPU
	EndGlobalSection
	GlobalSection(SolutionProperties) = preSolution
		HideSolutionNode = FALSE
	EndGlobalSection
	GlobalSection(ExtensibilityGlobals) = postSolution
		SolutionGuid = {75230A0E-6A0E-4D4B-87A0-D4D05D7321EE}
	EndGlobalSection
EndGlobal
