
Microsoft Visual Studio Solution File, Format Version 12.00
# Visual Studio Version 17
VisualStudioVersion = 17.7.34202.233
MinimumVisualStudioVersion = 10.0.40219.1
Project("{FAE04EC0-301F-11D3-BF4B-00C04F79EFBC}") = "student", "student\student.csproj", "{EA6C0CDA-4F51-4955-A0F3-7BC9268CF9A7}"
EndProject
Global
	GlobalSection(SolutionConfigurationPlatforms) = preSolution
		Debug|Any CPU = Debug|Any CPU
		Release|Any CPU = Release|Any CPU
	EndGlobalSection
	GlobalSection(ProjectConfigurationPlatforms) = postSolution
		{EA6C0CDA-4F51-4955-A0F3-7BC9268CF9A7}.Debug|Any CPU.ActiveCfg = Debug|Any CPU
		{EA6C0CDA-4F51-4955-A0F3-7BC9268CF9A7}.Debug|Any CPU.Build.0 = Debug|Any CPU
		{EA6C0CDA-4F51-4955-A0F3-7BC9268CF9A7}.Release|Any CPU.ActiveCfg = Release|Any CPU
		{EA6C0CDA-4F51-4955-A0F3-7BC9268CF9A7}.Release|Any CPU.Build.0 = Release|Any CPU
	EndGlobalSection
	GlobalSection(SolutionProperties) = preSolution
		HideSolutionNode = FALSE
	EndGlobalSection
	GlobalSection(ExtensibilityGlobals) = postSolution
		SolutionGuid = {50B6851B-6993-49C2-B262-9BB36DF456FC}
	EndGlobalSection
EndGlobal
