
Microsoft Visual Studio Solution File, Format Version 12.00
# Visual Studio Version 17
VisualStudioVersion = 17.7.34302.85
MinimumVisualStudioVersion = 10.0.40219.1
Project("{FAE04EC0-301F-11D3-BF4B-00C04F79EFBC}") = "5.27 Dangling-else Problem", "5.27 Dangling-else Problem\5.27 Dangling-else Problem.csproj", "{65BCC741-39E1-46B1-B979-B033506E0B1F}"
EndProject
Global
	GlobalSection(SolutionConfigurationPlatforms) = preSolution
		Debug|Any CPU = Debug|Any CPU
		Release|Any CPU = Release|Any CPU
	EndGlobalSection
	GlobalSection(ProjectConfigurationPlatforms) = postSolution
		{65BCC741-39E1-46B1-B979-B033506E0B1F}.Debug|Any CPU.ActiveCfg = Debug|Any CPU
		{65BCC741-39E1-46B1-B979-B033506E0B1F}.Debug|Any CPU.Build.0 = Debug|Any CPU
		{65BCC741-39E1-46B1-B979-B033506E0B1F}.Release|Any CPU.ActiveCfg = Release|Any CPU
		{65BCC741-39E1-46B1-B979-B033506E0B1F}.Release|Any CPU.Build.0 = Release|Any CPU
	EndGlobalSection
	GlobalSection(SolutionProperties) = preSolution
		HideSolutionNode = FALSE
	EndGlobalSection
	GlobalSection(ExtensibilityGlobals) = postSolution
		SolutionGuid = {1F60099D-280E-4413-818E-6F7048C7211F}
	EndGlobalSection
EndGlobal
